
Microsoft Visual Studio Solution File, Format Version 12.00
Project("{FAE04EC0-301F-11D3-BF4B-00C04F79EFBC}") = "Redis-Begineer-to-Master", "Redis-Begineer-to-Master\Redis-Begineer-to-Master.csproj", "{5EDBD364-34E1-412E-BB22-73C2B96BA957}"
EndProject
Global
	GlobalSection(SolutionConfigurationPlatforms) = preSolution
		Debug|Any CPU = Debug|Any CPU
		Release|Any CPU = Release|Any CPU
	EndGlobalSection
	GlobalSection(ProjectConfigurationPlatforms) = postSolution
		{5EDBD364-34E1-412E-BB22-73C2B96BA957}.Debug|Any CPU.ActiveCfg = Debug|Any CPU
		{5EDBD364-34E1-412E-BB22-73C2B96BA957}.Debug|Any CPU.Build.0 = Debug|Any CPU
		{5EDBD364-34E1-412E-BB22-73C2B96BA957}.Release|Any CPU.ActiveCfg = Release|Any CPU
		{5EDBD364-34E1-412E-BB22-73C2B96BA957}.Release|Any CPU.Build.0 = Release|Any CPU
	EndGlobalSection
EndGlobal
